// !$*UTF8*$!
{
	archiveVersion = 1;
	classes = {
	};
	objectVersion = 50;
	objects = {

/* Begin PBXBuildFile section */
		C596260523E5E9970048D699 /* AppDelegate.swift in Sources */ = {isa = PBXBuildFile; fileRef = C596260423E5E9970048D699 /* AppDelegate.swift */; };
		C596260723E5E9970048D699 /* SceneDelegate.swift in Sources */ = {isa = PBXBuildFile; fileRef = C596260623E5E9970048D699 /* SceneDelegate.swift */; };
		C596260923E5E9970048D699 /* RecordSoundsViewController.swift in Sources */ = {isa = PBXBuildFile; fileRef = C596260823E5E9970048D699 /* RecordSoundsViewController.swift */; };
		C596260C23E5E9970048D699 /* Main.storyboard in Resources */ = {isa = PBXBuildFile; fileRef = C596260A23E5E9970048D699 /* Main.storyboard */; };
		C596260E23E5E9970048D699 /* Assets.xcassets in Resources */ = {isa = PBXBuildFile; fileRef = C596260D23E5E9970048D699 /* Assets.xcassets */; };
		C596261123E5E9970048D699 /* LaunchScreen.storyboard in Resources */ = {isa = PBXBuildFile; fileRef = C596260F23E5E9970048D699 /* LaunchScreen.storyboard */; };
		C596261923E604510048D699 /* PlaySoundsViewController.swift in Sources */ = {isa = PBXBuildFile; fileRef = C596261823E604510048D699 /* PlaySoundsViewController.swift */; };
		C5D177A323F675750089E267 /* PlaySoundsViewController+Audio.swift in Sources */ = {isa = PBXBuildFile; fileRef = C5D177A223F675750089E267 /* PlaySoundsViewController+Audio.swift */; };
/* End PBXBuildFile section */

/* Begin PBXFileReference section */
		C596260123E5E9970048D699 /* voiceRecorderApp.app */ = {isa = PBXFileReference; explicitFileType = wrapper.application; includeInIndex = 0; path = voiceRecorderApp.app; sourceTree = BUILT_PRODUCTS_DIR; };
		C596260423E5E9970048D699 /* AppDelegate.swift */ = {isa = PBXFileReference; lastKnownFileType = sourcecode.swift; path = AppDelegate.swift; sourceTree = "<group>"; };
		C596260623E5E9970048D699 /* SceneDelegate.swift */ = {isa = PBXFileReference; lastKnownFileType = sourcecode.swift; path = SceneDelegate.swift; sourceTree = "<group>"; };
		C596260823E5E9970048D699 /* RecordSoundsViewController.swift */ = {isa = PBXFileReference; lastKnownFileType = sourcecode.swift; path = RecordSoundsViewController.swift; sourceTree = "<group>"; };
		C596260B23E5E9970048D699 /* Base */ = {isa = PBXFileReference; lastKnownFileType = file.storyboard; name = Base; path = Base.lproj/Main.storyboard; sourceTree = "<group>"; };
		C596260D23E5E9970048D699 /* Assets.xcassets */ = {isa = PBXFileReference; lastKnownFileType = folder.assetcatalog; path = Assets.xcassets; sourceTree = "<group>"; };
		C596261023E5E9970048D699 /* Base */ = {isa = PBXFileReference; lastKnownFileType = file.storyboard; name = Base; path = Base.lproj/LaunchScreen.storyboard; sourceTree = "<group>"; };
		C596261223E5E9970048D699 /* Info.plist */ = {isa = PBXFileReference; lastKnownFileType = text.plist.xml; path = Info.plist; sourceTree = "<group>"; };
		C596261823E604510048D699 /* PlaySoundsViewController.swift */ = {isa = PBXFileReference; lastKnownFileType = sourcecode.swift; path = PlaySoundsViewController.swift; sourceTree = "<group>"; };
		C5D177A223F675750089E267 /* PlaySoundsViewController+Audio.swift */ = {isa = PBXFileReference; lastKnownFileType = sourcecode.swift; path = "PlaySoundsViewController+Audio.swift"; sourceTree = "<group>"; };
/* End PBXFileReference section */

/* Begin PBXFrameworksBuildPhase section */
		C59625FE23E5E9970048D699 /* Frameworks */ = {
			isa = PBXFrameworksBuildPhase;
			buildActionMask = 2147483647;
			files = (
			);
			runOnlyForDeploymentPostprocessing = 0;
		};
/* End PBXFrameworksBuildPhase section */

/* Begin PBXGroup section */
		C59625F823E5E9970048D699 = {
			isa = PBXGroup;
			children = (
				C596260323E5E9970048D699 /* voiceRecorderApp */,
				C596260223E5E9970048D699 /* Products */,
			);
			sourceTree = "<group>";
		};
		C596260223E5E9970048D699 /* Products */ = {
			isa = PBXGroup;
			children = (
				C596260123E5E9970048D699 /* voiceRecorderApp.app */,
			);
			name = Products;
			sourceTree = "<group>";
		};
		C596260323E5E9970048D699 /* voiceRecorderApp */ = {
			isa = PBXGroup;
			children = (
				C596260423E5E9970048D699 /* AppDelegate.swift */,
				C596260623E5E9970048D699 /* SceneDelegate.swift */,
				C596260823E5E9970048D699 /* RecordSoundsViewController.swift */,
				C596260A23E5E9970048D699 /* Main.storyboard */,
				C596260D23E5E9970048D699 /* Assets.xcassets */,
				C596260F23E5E9970048D699 /* LaunchScreen.storyboard */,
				C596261223E5E9970048D699 /* Info.plist */,
				C596261823E604510048D699 /* PlaySoundsViewController.swift */,
				C5D177A223F675750089E267 /* PlaySoundsViewController+Audio.swift */,
			);
			path = voiceRecorderApp;
			sourceTree = "<group>";
		};
/* End PBXGroup section */

/* Begin PBXNativeTarget section */
		C596260023E5E9970048D699 /* voiceRecorderApp */ = {
			isa = PBXNativeTarget;
			buildConfigurationList = C596261523E5E9970048D699 /* Build configuration list for PBXNativeTarget "voiceRecorderApp" */;
			buildPhases = (
				C59625FD23E5E9970048D699 /* Sources */,
				C59625FE23E5E9970048D699 /* Frameworks */,
				C59625FF23E5E9970048D699 /* Resources */,
			);
			buildRules = (
			);
			dependencies = (
			);
			name = voiceRecorderApp;
			productName = voiceRecorderApp;
			productReference = C596260123E5E9970048D699 /* voiceRecorderApp.app */;
			productType = "com.apple.product-type.application";
		};
/* End PBXNativeTarget section */

/* Begin PBXProject section */
		C59625F923E5E9970048D699 /* Project object */ = {
			isa = PBXProject;
			attributes = {
				LastSwiftUpdateCheck = 1130;
				LastUpgradeCheck = 1130;
				ORGANIZATIONNAME = EDDIEWARE;
				TargetAttributes = {
					C596260023E5E9970048D699 = {
						CreatedOnToolsVersion = 11.3.1;
					};
				};
			};
			buildConfigurationList = C59625FC23E5E9970048D699 /* Build configuration list for PBXProject "voiceRecorderApp" */;
			compatibilityVersion = "Xcode 9.3";
			developmentRegion = en;
			hasScannedForEncodings = 0;
			knownRegions = (
				en,
				Base,
			);
			mainGroup = C59625F823E5E9970048D699;
			productRefGroup = C596260223E5E9970048D699 /* Products */;
			projectDirPath = "";
			projectRoot = "";
			targets = (
				C596260023E5E9970048D699 /* voiceRecorderApp */,
			);
		};
/* End PBXProject section */

/* Begin PBXResourcesBuildPhase section */
		C59625FF23E5E9970048D699 /* Resources */ = {
			isa = PBXResourcesBuildPhase;
			buildActionMask = 2147483647;
			files = (
				C596261123E5E9970048D699 /* LaunchScreen.storyboard in Resources */,
				C596260E23E5E9970048D699 /* Assets.xcassets in Resources */,
				C596260C23E5E9970048D699 /* Main.storyboard in Resources */,
			);
			runOnlyForDeploymentPostprocessing = 0;
		};
/* End PBXResourcesBuildPhase section */

/* Begin PBXSourcesBuildPhase section */
		C59625FD23E5E9970048D699 /* Sources */ = {
			isa = PBXSourcesBuildPhase;
			buildActionMask = 2147483647;
			files = (
				C5D177A323F675750089E267 /* PlaySoundsViewController+Audio.swift in Sources */,
				C596260923E5E9970048D699 /* RecordSoundsViewController.swift in Sources */,
				C596260523E5E9970048D699 /* AppDelegate.swift in Sources */,
				C596261923E604510048D699 /* PlaySoundsViewController.swift in Sources */,
				C596260723E5E9970048D699 /* SceneDelegate.swift in Sources */,
			);
			runOnlyForDeploymentPostprocessing = 0;
		};
/* End PBXSourcesBuildPhase section */

/* Begin PBXVariantGroup section */
		C596260A23E5E9970048D699 /* Main.storyboard */ = {
			isa = PBXVariantGroup;
			children = (
				C596260B23E5E9970048D699 /* Base */,
			);
			name = Main.storyboard;
			sourceTree = "<group>";
		};
		C596260F23E5E9970048D699 /* LaunchScreen.storyboard */ = {
			isa = PBXVariantGroup;
			children = (
				C596261023E5E9970048D699 /* Base */,
			);
			name = LaunchScreen.storyboard;
			sourceTree = "<group>";
		};
/* End PBXVariantGroup section */

/* Begin XCBuildConfiguration section */
		C596261323E5E9970048D699 /* Debug */ = {
			isa = XCBuildConfiguration;
			buildSettings = {
				ALWAYS_SEARCH_USER_PATHS = NO;
				CLANG_ANALYZER_NONNULL = YES;
				CLANG_ANALYZER_NUMBER_OBJECT_CONVERSION = YES_AGGRESSIVE;
				CLANG_CXX_LANGUAGE_STANDARD = "gnu++14";
				CLANG_CXX_LIBRARY = "libc++";
				CLANG_ENABLE_MODULES = YES;
				CLANG_ENABLE_OBJC_ARC = YES;
				CLANG_ENABLE_OBJC_WEAK = YES;
				CLANG_WARN_BLOCK_CAPTURE_AUTORELEASING = YES;
				CLANG_WARN_BOOL_CONVERSION = YES;
				CLANG_WARN_COMMA = YES;
				CLANG_WARN_CONSTANT_CONVERSION = YES;
				CLANG_WARN_DEPRECATED_OBJC_IMPLEMENTATIONS = YES;
				CLANG_WARN_DIRECT_OBJC_ISA_USAGE = YES_ERROR;
				CLANG_WARN_DOCUMENTATION_COMMENTS = YES;
				CLANG_WARN_EMPTY_BODY = YES;
				CLANG_WARN_ENUM_CONVERSION = YES;
				CLANG_WARN_INFINITE_RECURSION = YES;
				CLANG_WARN_INT_CONVERSION = YES;
				CLANG_WARN_NON_LITERAL_NULL_CONVERSION = YES;
				CLANG_WARN_OBJC_IMPLICIT_RETAIN_SELF = YES;
				CLANG_WARN_OBJC_LITERAL_CONVERSION = YES;
				CLANG_WARN_OBJC_ROOT_CLASS = YES_ERROR;
				CLANG_WARN_RANGE_LOOP_ANALYSIS = YES;
				CLANG_WARN_STRICT_PROTOTYPES = YES;
				CLANG_WARN_SUSPICIOUS_MOVE = YES;
				CLANG_WARN_UNGUARDED_AVAILABILITY = YES_AGGRESSIVE;
				CLANG_WARN_UNREACHABLE_CODE = YES;
				CLANG_WARN__DUPLICATE_METHOD_MATCH = YES;
				COPY_PHASE_STRIP = NO;
				DEBUG_INFORMATION_FORMAT = dwarf;
				ENABLE_STRICT_OBJC_MSGSEND = YES;
				ENABLE_TESTABILITY = YES;
				GCC_C_LANGUAGE_STANDARD = gnu11;
				GCC_DYNAMIC_NO_PIC = NO;
				GCC_NO_COMMON_BLOCKS = YES;
				GCC_OPTIMIZATION_LEVEL = 0;
				GCC_PREPROCESSOR_DEFINITIONS = (
					"DEBUG=1",
					"$(inherited)",
				);
				GCC_WARN_64_TO_32_BIT_CONVERSION = YES;
				GCC_WARN_ABOUT_RETURN_TYPE = YES_ERROR;
				GCC_WARN_UNDECLARED_SELECTOR = YES;
				GCC_WARN_UNINITIALIZED_AUTOS = YES_AGGRESSIVE;
				GCC_WARN_UNUSED_FUNCTION = YES;
				GCC_WARN_UNUSED_VARIABLE = YES;
				IPHONEOS_DEPLOYMENT_TARGET = 13.2;
				MTL_ENABLE_DEBUG_INFO = INCLUDE_SOURCE;
				MTL_FAST_MATH = YES;
				ONLY_ACTIVE_ARCH = YES;
				SDKROOT = iphoneos;
				SWIFT_ACTIVE_COMPILATION_CONDITIONS = DEBUG;
				SWIFT_OPTIMIZATION_LEVEL = "-Onone";
			};
			name = Debug;
		};
		C596261423E5E9970048D699 /* Release */ = {
			isa = XCBuildConfiguration;
			buildSettings = {
				ALWAYS_SEARCH_USER_PATHS = NO;
				CLANG_ANALYZER_NONNULL = YES;
				CLANG_ANALYZER_NUMBER_OBJECT_CONVERSION = YES_AGGRESSIVE;
				CLANG_CXX_LANGUAGE_STANDARD = "gnu++14";
				CLANG_CXX_LIBRARY = "libc++";
				CLANG_ENABLE_MODULES = YES;
				CLANG_ENABLE_OBJC_ARC = YES;
				CLANG_ENABLE_OBJC_WEAK = YES;
				CLANG_WARN_BLOCK_CAPTURE_AUTORELEASING = YES;
				CLANG_WARN_BOOL_CONVERSION = YES;
				CLANG_WARN_COMMA = YES;
				CLANG_WARN_CONSTANT_CONVERSION = YES;
				CLANG_WARN_DEPRECATED_OBJC_IMPLEMENTATIONS = YES;
				CLANG_WARN_DIRECT_OBJC_ISA_USAGE = YES_ERROR;
				CLANG_WARN_DOCUMENTATION_COMMENTS = YES;
				CLANG_WARN_EMPTY_BODY = YES;
				CLANG_WARN_ENUM_CONVERSION = YES;
				CLANG_WARN_INFINITE_RECURSION = YES;
				CLANG_WARN_INT_CONVERSION = YES;
				CLANG_WARN_NON_LITERAL_NULL_CONVERSION = YES;
				CLANG_WARN_OBJC_IMPLICIT_RETAIN_SELF = YES;
				CLANG_WARN_OBJC_LITERAL_CONVERSION = YES;
				CLANG_WARN_OBJC_ROOT_CLASS = YES_ERROR;
				CLANG_WARN_RANGE_LOOP_ANALYSIS = YES;
				CLANG_WARN_STRICT_PROTOTYPES = YES;
				CLANG_WARN_SUSPICIOUS_MOVE = YES;
				CLANG_WARN_UNGUARDED_AVAILABILITY = YES_AGGRESSIVE;
				CLANG_WARN_UNREACHABLE_CODE = YES;
				CLANG_WARN__DUPLICATE_METHOD_MATCH = YES;
				COPY_PHASE_STRIP = NO;
				DEBUG_INFORMATION_FORMAT = "dwarf-with-dsym";
				ENABLE_NS_ASSERTIONS = NO;
				ENABLE_STRICT_OBJC_MSGSEND = YES;
				GCC_C_LANGUAGE_STANDARD = gnu11;
				GCC_NO_COMMON_BLOCKS = YES;
				GCC_WARN_64_TO_32_BIT_CONVERSION = YES;
				GCC_WARN_ABOUT_RETURN_TYPE = YES_ERROR;
				GCC_WARN_UNDECLARED_SELECTOR = YES;
				GCC_WARN_UNINITIALIZED_AUTOS = YES_AGGRESSIVE;
				GCC_WARN_UNUSED_FUNCTION = YES;
				GCC_WARN_UNUSED_VARIABLE = YES;
				IPHONEOS_DEPLOYMENT_TARGET = 13.2;
				MTL_ENABLE_DEBUG_INFO = NO;
				MTL_FAST_MATH = YES;
				SDKROOT = iphoneos;
				SWIFT_COMPILATION_MODE = wholemodule;
				SWIFT_OPTIMIZATION_LEVEL = "-O";
				VALIDATE_PRODUCT = YES;
			};
			name = Release;
		};
		C596261623E5E9970048D699 /* Debug */ = {
			isa = XCBuildConfiguration;
			buildSettings = {
				ASSETCATALOG_COMPILER_APPICON_NAME = AppIcon;
				CODE_SIGN_STYLE = Automatic;
				INFOPLIST_FILE = voiceRecorderApp/Info.plist;
				LD_RUNPATH_SEARCH_PATHS = (
					"$(inherited)",
					"@executable_path/Frameworks",
				);
				PRODUCT_BUNDLE_IDENTIFIER = mx.edu.delasalle.voiceRecorderApp;
				PRODUCT_NAME = "$(TARGET_NAME)";
				SWIFT_VERSION = 5.0;
				TARGETED_DEVICE_FAMILY = "1,2";
			};
			name = Debug;
		};
		C596261723E5E9970048D699 /* Release */ = {
			isa = XCBuildConfiguration;
			buildSettings = {
				ASSETCATALOG_COMPILER_APPICON_NAME = AppIcon;
				CODE_SIGN_STYLE = Automatic;
				INFOPLIST_FILE = voiceRecorderApp/Info.plist;
				LD_RUNPATH_SEARCH_PATHS = (
					"$(inherited)",
					"@executable_path/Frameworks",
				);
				PRODUCT_BUNDLE_IDENTIFIER = mx.edu.delasalle.voiceRecorderApp;
				PRODUCT_NAME = "$(TARGET_NAME)";
				SWIFT_VERSION = 5.0;
				TARGETED_DEVICE_FAMILY = "1,2";
			};
			name = Release;
		};
/* End XCBuildConfiguration section */

/* Begin XCConfigurationList section */
		C59625FC23E5E9970048D699 /* Build configuration list for PBXProject "voiceRecorderApp" */ = {
			isa = XCConfigurationList;
			buildConfigurations = (
				C596261323E5E9970048D699 /* Debug */,
				C596261423E5E9970048D699 /* Release */,
			);
			defaultConfigurationIsVisible = 0;
			defaultConfigurationName = Release;
		};
		C596261523E5E9970048D699 /* Build configuration list for PBXNativeTarget "voiceRecorderApp" */ = {
			isa = XCConfigurationList;
			buildConfigurations = (
				C596261623E5E9970048D699 /* Debug */,
				C596261723E5E9970048D699 /* Release */,
			);
			defaultConfigurationIsVisible = 0;
			defaultConfigurationName = Release;
		};
/* End XCConfigurationList section */
	};
	rootObject = C59625F923E5E9970048D699 /* Project object */;
}
